
Microsoft Visual Studio Solution File, Format Version 12.00
# Visual Studio Version 16
VisualStudioVersion = 25.0.1706.2
MinimumVisualStudioVersion = 10.0.40219.1
Project("{FAE04EC0-301F-11D3-BF4B-00C04F79EFBC}") = "ASI", "ASI\ASI.csproj", "{813107C1-58EE-4002-B345-EB1AD93A1E09}"
EndProject
Global
	GlobalSection(SolutionConfigurationPlatforms) = preSolution
		Debug|Any CPU = Debug|Any CPU
		Release|Any CPU = Release|Any CPU
	EndGlobalSection
	GlobalSection(ProjectConfigurationPlatforms) = postSolution
		{813107C1-58EE-4002-B345-EB1AD93A1E09}.Debug|Any CPU.ActiveCfg = Debug|Any CPU
		{813107C1-58EE-4002-B345-EB1AD93A1E09}.Debug|Any CPU.Build.0 = Debug|Any CPU
		{813107C1-58EE-4002-B345-EB1AD93A1E09}.Release|Any CPU.ActiveCfg = Release|Any CPU
		{813107C1-58EE-4002-B345-EB1AD93A1E09}.Release|Any CPU.Build.0 = Release|Any CPU
	EndGlobalSection
	GlobalSection(SolutionProperties) = preSolution
		HideSolutionNode = FALSE
	EndGlobalSection
	GlobalSection(ExtensibilityGlobals) = postSolution
		SolutionGuid = {F0203721-26A3-433E-9B92-85A45504F844}
	EndGlobalSection
EndGlobal
